
Microsoft Visual Studio Solution File, Format Version 12.00
# Visual Studio Version 17
VisualStudioVersion = 17.4.33110.190
MinimumVisualStudioVersion = 10.0.40219.1
Project("{FAE04EC0-301F-11D3-BF4B-00C04F79EFBC}") = "PetzeyApp", "PetzeyApp\PetzeyApp.csproj", "{752D7C32-A113-429F-8D00-98E67CEA8CAA}"
EndProject
Global
	GlobalSection(SolutionConfigurationPlatforms) = preSolution
		Debug|Any CPU = Debug|Any CPU
		Release|Any CPU = Release|Any CPU
	EndGlobalSection
	GlobalSection(ProjectConfigurationPlatforms) = postSolution
		{752D7C32-A113-429F-8D00-98E67CEA8CAA}.Debug|Any CPU.ActiveCfg = Debug|Any CPU
		{752D7C32-A113-429F-8D00-98E67CEA8CAA}.Debug|Any CPU.Build.0 = Debug|Any CPU
		{752D7C32-A113-429F-8D00-98E67CEA8CAA}.Release|Any CPU.ActiveCfg = Release|Any CPU
		{752D7C32-A113-429F-8D00-98E67CEA8CAA}.Release|Any CPU.Build.0 = Release|Any CPU
	EndGlobalSection
	GlobalSection(SolutionProperties) = preSolution
		HideSolutionNode = FALSE
	EndGlobalSection
	GlobalSection(ExtensibilityGlobals) = postSolution
		SolutionGuid = {2C6D94DB-EF0F-4A4E-A6BC-CD27D7B89A48}
	EndGlobalSection
EndGlobal
